
Microsoft Visual Studio Solution File, Format Version 12.00
# Visual Studio 15
VisualStudioVersion = 15.0.26430.6
MinimumVisualStudioVersion = 10.0.40219.1
Project("{FAE04EC0-301F-11D3-BF4B-00C04F79EFBC}") = "Lab3", "Lab3\Lab3.csproj", "{3C0B5FA6-D9B6-4907-9A4D-5F3C5FF07DD8}"
EndProject
Project("{2150E333-8FDC-42A3-9474-1A3956D46DE8}") = "Solution Items", "Solution Items", "{F51CCBB5-6651-4E41-8444-46C68D2D04DF}"
	ProjectSection(SolutionItems) = preProject
		..\raytracing.frag = ..\raytracing.frag
		..\raytracing.vert = ..\raytracing.vert
	EndProjectSection
EndProject
Global
	GlobalSection(SolutionConfigurationPlatforms) = preSolution
		Debug|Any CPU = Debug|Any CPU
		Release|Any CPU = Release|Any CPU
	EndGlobalSection
	GlobalSection(ProjectConfigurationPlatforms) = postSolution
		{3C0B5FA6-D9B6-4907-9A4D-5F3C5FF07DD8}.Debug|Any CPU.ActiveCfg = Debug|Any CPU
		{3C0B5FA6-D9B6-4907-9A4D-5F3C5FF07DD8}.Debug|Any CPU.Build.0 = Debug|Any CPU
		{3C0B5FA6-D9B6-4907-9A4D-5F3C5FF07DD8}.Release|Any CPU.ActiveCfg = Release|Any CPU
		{3C0B5FA6-D9B6-4907-9A4D-5F3C5FF07DD8}.Release|Any CPU.Build.0 = Release|Any CPU
	EndGlobalSection
	GlobalSection(SolutionProperties) = preSolution
		HideSolutionNode = FALSE
	EndGlobalSection
EndGlobal
